// !$*UTF8*$!
{
	archiveVersion = 1;
	classes = {
	};
	objectVersion = 50;
	objects = {

/* Begin PBXBuildFile section */
		85517DAD24851ACE00F8859D /* CurrencyDelegate.swift in Sources */ = {isa = PBXBuildFile; fileRef = 85517DAC24851ACE00F8859D /* CurrencyDelegate.swift */; };
		85517DB724931D2B00F8859D /* flagImage.swift in Sources */ = {isa = PBXBuildFile; fileRef = 85517DB624931D2B00F8859D /* flagImage.swift */; };
		85517DB92495CA7F00F8859D /* NetworkError.swift in Sources */ = {isa = PBXBuildFile; fileRef = 85517DB82495CA7F00F8859D /* NetworkError.swift */; };
		85990E1C249A667500F15BD7 /* FormattedLabel.swift in Sources */ = {isa = PBXBuildFile; fileRef = 85990E1B249A667500F15BD7 /* FormattedLabel.swift */; };
		85B5D06224720BF300776B56 /* NetworkClient.swift in Sources */ = {isa = PBXBuildFile; fileRef = 85B5D06124720BF300776B56 /* NetworkClient.swift */; };
		85B5D064247300A600776B56 /* NetworkConvenience.swift in Sources */ = {isa = PBXBuildFile; fileRef = 85B5D063247300A600776B56 /* NetworkConvenience.swift */; };
		85B5D066247331A700776B56 /* Currency.swift in Sources */ = {isa = PBXBuildFile; fileRef = 85B5D065247331A700776B56 /* Currency.swift */; };
		85B5D0682473399000776B56 /* Country.swift in Sources */ = {isa = PBXBuildFile; fileRef = 85B5D0672473399000776B56 /* Country.swift */; };
		85B5D06B2476085E00776B56 /* Images.xcassets in Resources */ = {isa = PBXBuildFile; fileRef = 85B5D06A2476085E00776B56 /* Images.xcassets */; };
		85B5D06F24760A1700776B56 /* PickCurrencyViewController.swift in Sources */ = {isa = PBXBuildFile; fileRef = 85B5D06E24760A1700776B56 /* PickCurrencyViewController.swift */; };
		85B5D07124760C0A00776B56 /* CurrencyCell.swift in Sources */ = {isa = PBXBuildFile; fileRef = 85B5D07024760C0A00776B56 /* CurrencyCell.swift */; };
		85E0AF98249C461B00425B53 /* DuplicateCountry.swift in Sources */ = {isa = PBXBuildFile; fileRef = 85E0AF97249C461B00425B53 /* DuplicateCountry.swift */; };
		85E594372459315E0016C035 /* AppDelegate.swift in Sources */ = {isa = PBXBuildFile; fileRef = 85E594362459315E0016C035 /* AppDelegate.swift */; };
		85E594392459315E0016C035 /* SceneDelegate.swift in Sources */ = {isa = PBXBuildFile; fileRef = 85E594382459315E0016C035 /* SceneDelegate.swift */; };
		85E5943B2459315E0016C035 /* MainViewController.swift in Sources */ = {isa = PBXBuildFile; fileRef = 85E5943A2459315E0016C035 /* MainViewController.swift */; };
		85E5943E2459315E0016C035 /* Main.storyboard in Resources */ = {isa = PBXBuildFile; fileRef = 85E5943C2459315E0016C035 /* Main.storyboard */; };
		85E594412459315E0016C035 /* CurrencyConverter.xcdatamodeld in Sources */ = {isa = PBXBuildFile; fileRef = 85E5943F2459315E0016C035 /* CurrencyConverter.xcdatamodeld */; };
		85E59446245931610016C035 /* LaunchScreen.storyboard in Resources */ = {isa = PBXBuildFile; fileRef = 85E59444245931610016C035 /* LaunchScreen.storyboard */; };
		85E59451245931610016C035 /* CurrencyConverterTests.swift in Sources */ = {isa = PBXBuildFile; fileRef = 85E59450245931610016C035 /* CurrencyConverterTests.swift */; };
		85E5945C245931610016C035 /* CurrencyConverterUITests.swift in Sources */ = {isa = PBXBuildFile; fileRef = 85E5945B245931610016C035 /* CurrencyConverterUITests.swift */; };
/* End PBXBuildFile section */

/* Begin PBXContainerItemProxy section */
		85E5944D245931610016C035 /* PBXContainerItemProxy */ = {
			isa = PBXContainerItemProxy;
			containerPortal = 85E5942B2459315E0016C035 /* Project object */;
			proxyType = 1;
			remoteGlobalIDString = 85E594322459315E0016C035;
			remoteInfo = CurrencyConverter;
		};
		85E59458245931610016C035 /* PBXContainerItemProxy */ = {
			isa = PBXContainerItemProxy;
			containerPortal = 85E5942B2459315E0016C035 /* Project object */;
			proxyType = 1;
			remoteGlobalIDString = 85E594322459315E0016C035;
			remoteInfo = CurrencyConverter;
		};
/* End PBXContainerItemProxy section */

/* Begin PBXFileReference section */
		85517DAC24851ACE00F8859D /* CurrencyDelegate.swift */ = {isa = PBXFileReference; lastKnownFileType = sourcecode.swift; path = CurrencyDelegate.swift; sourceTree = "<group>"; };
		85517DB624931D2B00F8859D /* flagImage.swift */ = {isa = PBXFileReference; lastKnownFileType = sourcecode.swift; path = flagImage.swift; sourceTree = "<group>"; };
		85517DB82495CA7F00F8859D /* NetworkError.swift */ = {isa = PBXFileReference; lastKnownFileType = sourcecode.swift; path = NetworkError.swift; sourceTree = "<group>"; };
		85990E1B249A667500F15BD7 /* FormattedLabel.swift */ = {isa = PBXFileReference; lastKnownFileType = sourcecode.swift; path = FormattedLabel.swift; sourceTree = "<group>"; };
		85B5D06124720BF300776B56 /* NetworkClient.swift */ = {isa = PBXFileReference; lastKnownFileType = sourcecode.swift; path = NetworkClient.swift; sourceTree = "<group>"; };
		85B5D063247300A600776B56 /* NetworkConvenience.swift */ = {isa = PBXFileReference; lastKnownFileType = sourcecode.swift; path = NetworkConvenience.swift; sourceTree = "<group>"; };
		85B5D065247331A700776B56 /* Currency.swift */ = {isa = PBXFileReference; lastKnownFileType = sourcecode.swift; path = Currency.swift; sourceTree = "<group>"; };
		85B5D0672473399000776B56 /* Country.swift */ = {isa = PBXFileReference; lastKnownFileType = sourcecode.swift; path = Country.swift; sourceTree = "<group>"; };
		85B5D06A2476085E00776B56 /* Images.xcassets */ = {isa = PBXFileReference; lastKnownFileType = folder.assetcatalog; path = Images.xcassets; sourceTree = "<group>"; };
		85B5D06E24760A1700776B56 /* PickCurrencyViewController.swift */ = {isa = PBXFileReference; lastKnownFileType = sourcecode.swift; path = PickCurrencyViewController.swift; sourceTree = "<group>"; };
		85B5D07024760C0A00776B56 /* CurrencyCell.swift */ = {isa = PBXFileReference; lastKnownFileType = sourcecode.swift; path = CurrencyCell.swift; sourceTree = "<group>"; };
		85E0AF97249C461B00425B53 /* DuplicateCountry.swift */ = {isa = PBXFileReference; lastKnownFileType = sourcecode.swift; path = DuplicateCountry.swift; sourceTree = "<group>"; };
		85E594332459315E0016C035 /* CurrencyConverter.app */ = {isa = PBXFileReference; explicitFileType = wrapper.application; includeInIndex = 0; path = CurrencyConverter.app; sourceTree = BUILT_PRODUCTS_DIR; };
		85E594362459315E0016C035 /* AppDelegate.swift */ = {isa = PBXFileReference; lastKnownFileType = sourcecode.swift; path = AppDelegate.swift; sourceTree = "<group>"; };
		85E594382459315E0016C035 /* SceneDelegate.swift */ = {isa = PBXFileReference; lastKnownFileType = sourcecode.swift; path = SceneDelegate.swift; sourceTree = "<group>"; };
		85E5943A2459315E0016C035 /* MainViewController.swift */ = {isa = PBXFileReference; lastKnownFileType = sourcecode.swift; path = MainViewController.swift; sourceTree = "<group>"; };
		85E5943D2459315E0016C035 /* Base */ = {isa = PBXFileReference; lastKnownFileType = file.storyboard; name = Base; path = Base.lproj/Main.storyboard; sourceTree = "<group>"; };
		85E594402459315E0016C035 /* CurrencyConverter.xcdatamodel */ = {isa = PBXFileReference; lastKnownFileType = wrapper.xcdatamodel; path = CurrencyConverter.xcdatamodel; sourceTree = "<group>"; };
		85E59445245931610016C035 /* Base */ = {isa = PBXFileReference; lastKnownFileType = file.storyboard; name = Base; path = Base.lproj/LaunchScreen.storyboard; sourceTree = "<group>"; };
		85E59447245931610016C035 /* Info.plist */ = {isa = PBXFileReference; lastKnownFileType = text.plist.xml; path = Info.plist; sourceTree = "<group>"; };
		85E5944C245931610016C035 /* CurrencyConverterTests.xctest */ = {isa = PBXFileReference; explicitFileType = wrapper.cfbundle; includeInIndex = 0; path = CurrencyConverterTests.xctest; sourceTree = BUILT_PRODUCTS_DIR; };
		85E59450245931610016C035 /* CurrencyConverterTests.swift */ = {isa = PBXFileReference; lastKnownFileType = sourcecode.swift; path = CurrencyConverterTests.swift; sourceTree = "<group>"; };
		85E59452245931610016C035 /* Info.plist */ = {isa = PBXFileReference; lastKnownFileType = text.plist.xml; path = Info.plist; sourceTree = "<group>"; };
		85E59457245931610016C035 /* CurrencyConverterUITests.xctest */ = {isa = PBXFileReference; explicitFileType = wrapper.cfbundle; includeInIndex = 0; path = CurrencyConverterUITests.xctest; sourceTree = BUILT_PRODUCTS_DIR; };
		85E5945B245931610016C035 /* CurrencyConverterUITests.swift */ = {isa = PBXFileReference; lastKnownFileType = sourcecode.swift; path = CurrencyConverterUITests.swift; sourceTree = "<group>"; };
		85E5945D245931610016C035 /* Info.plist */ = {isa = PBXFileReference; lastKnownFileType = text.plist.xml; path = Info.plist; sourceTree = "<group>"; };
/* End PBXFileReference section */

/* Begin PBXFrameworksBuildPhase section */
		85E594302459315E0016C035 /* Frameworks */ = {
			isa = PBXFrameworksBuildPhase;
			buildActionMask = 2147483647;
			files = (
			);
			runOnlyForDeploymentPostprocessing = 0;
		};
		85E59449245931610016C035 /* Frameworks */ = {
			isa = PBXFrameworksBuildPhase;
			buildActionMask = 2147483647;
			files = (
			);
			runOnlyForDeploymentPostprocessing = 0;
		};
		85E59454245931610016C035 /* Frameworks */ = {
			isa = PBXFrameworksBuildPhase;
			buildActionMask = 2147483647;
			files = (
			);
			runOnlyForDeploymentPostprocessing = 0;
		};
/* End PBXFrameworksBuildPhase section */

/* Begin PBXGroup section */
		85E5942A2459315E0016C035 = {
			isa = PBXGroup;
			children = (
				85E594352459315E0016C035 /* CurrencyConverter */,
				85E5944F245931610016C035 /* CurrencyConverterTests */,
				85E5945A245931610016C035 /* CurrencyConverterUITests */,
				85E594342459315E0016C035 /* Products */,
			);
			sourceTree = "<group>";
		};
		85E594342459315E0016C035 /* Products */ = {
			isa = PBXGroup;
			children = (
				85E594332459315E0016C035 /* CurrencyConverter.app */,
				85E5944C245931610016C035 /* CurrencyConverterTests.xctest */,
				85E59457245931610016C035 /* CurrencyConverterUITests.xctest */,
			);
			name = Products;
			sourceTree = "<group>";
		};
		85E594352459315E0016C035 /* CurrencyConverter */ = {
			isa = PBXGroup;
			children = (
				85E59469245931910016C035 /* Model */,
				85E5946A2459319D0016C035 /* View */,
				85E5946B245931A40016C035 /* Controller */,
				85E594362459315E0016C035 /* AppDelegate.swift */,
				85E594382459315E0016C035 /* SceneDelegate.swift */,
				85E5943C2459315E0016C035 /* Main.storyboard */,
				85E59444245931610016C035 /* LaunchScreen.storyboard */,
				85B5D06A2476085E00776B56 /* Images.xcassets */,
				85E59447245931610016C035 /* Info.plist */,
				85E5943F2459315E0016C035 /* CurrencyConverter.xcdatamodeld */,
			);
			path = CurrencyConverter;
			sourceTree = "<group>";
		};
		85E5944F245931610016C035 /* CurrencyConverterTests */ = {
			isa = PBXGroup;
			children = (
				85E59450245931610016C035 /* CurrencyConverterTests.swift */,
				85E59452245931610016C035 /* Info.plist */,
			);
			path = CurrencyConverterTests;
			sourceTree = "<group>";
		};
		85E5945A245931610016C035 /* CurrencyConverterUITests */ = {
			isa = PBXGroup;
			children = (
				85E5945B245931610016C035 /* CurrencyConverterUITests.swift */,
				85E5945D245931610016C035 /* Info.plist */,
			);
			path = CurrencyConverterUITests;
			sourceTree = "<group>";
		};
		85E59469245931910016C035 /* Model */ = {
			isa = PBXGroup;
			children = (
				85B5D06124720BF300776B56 /* NetworkClient.swift */,
				85B5D063247300A600776B56 /* NetworkConvenience.swift */,
				85B5D065247331A700776B56 /* Currency.swift */,
				85B5D0672473399000776B56 /* Country.swift */,
				85517DB82495CA7F00F8859D /* NetworkError.swift */,
				85E0AF97249C461B00425B53 /* DuplicateCountry.swift */,
			);
			path = Model;
			sourceTree = "<group>";
		};
		85E5946A2459319D0016C035 /* View */ = {
			isa = PBXGroup;
			children = (
				85B5D07024760C0A00776B56 /* CurrencyCell.swift */,
				85517DB624931D2B00F8859D /* flagImage.swift */,
				85990E1B249A667500F15BD7 /* FormattedLabel.swift */,
			);
			path = View;
			sourceTree = "<group>";
		};
		85E5946B245931A40016C035 /* Controller */ = {
			isa = PBXGroup;
			children = (
				85E5943A2459315E0016C035 /* MainViewController.swift */,
				85B5D06E24760A1700776B56 /* PickCurrencyViewController.swift */,
				85517DAC24851ACE00F8859D /* CurrencyDelegate.swift */,
			);
			path = Controller;
			sourceTree = "<group>";
		};
/* End PBXGroup section */

/* Begin PBXNativeTarget section */
		85E594322459315E0016C035 /* CurrencyConverter */ = {
			isa = PBXNativeTarget;
			buildConfigurationList = 85E59460245931610016C035 /* Build configuration list for PBXNativeTarget "CurrencyConverter" */;
			buildPhases = (
				85E5942F2459315E0016C035 /* Sources */,
				85E594302459315E0016C035 /* Frameworks */,
				85E594312459315E0016C035 /* Resources */,
			);
			buildRules = (
			);
			dependencies = (
			);
			name = CurrencyConverter;
			productName = CurrencyConverter;
			productReference = 85E594332459315E0016C035 /* CurrencyConverter.app */;
			productType = "com.apple.product-type.application";
		};
		85E5944B245931610016C035 /* CurrencyConverterTests */ = {
			isa = PBXNativeTarget;
			buildConfigurationList = 85E59463245931610016C035 /* Build configuration list for PBXNativeTarget "CurrencyConverterTests" */;
			buildPhases = (
				85E59448245931610016C035 /* Sources */,
				85E59449245931610016C035 /* Frameworks */,
				85E5944A245931610016C035 /* Resources */,
			);
			buildRules = (
			);
			dependencies = (
				85E5944E245931610016C035 /* PBXTargetDependency */,
			);
			name = CurrencyConverterTests;
			productName = CurrencyConverterTests;
			productReference = 85E5944C245931610016C035 /* CurrencyConverterTests.xctest */;
			productType = "com.apple.product-type.bundle.unit-test";
		};
		85E59456245931610016C035 /* CurrencyConverterUITests */ = {
			isa = PBXNativeTarget;
			buildConfigurationList = 85E59466245931610016C035 /* Build configuration list for PBXNativeTarget "CurrencyConverterUITests" */;
			buildPhases = (
				85E59453245931610016C035 /* Sources */,
				85E59454245931610016C035 /* Frameworks */,
				85E59455245931610016C035 /* Resources */,
			);
			buildRules = (
			);
			dependencies = (
				85E59459245931610016C035 /* PBXTargetDependency */,
			);
			name = CurrencyConverterUITests;
			productName = CurrencyConverterUITests;
			productReference = 85E59457245931610016C035 /* CurrencyConverterUITests.xctest */;
			productType = "com.apple.product-type.bundle.ui-testing";
		};
/* End PBXNativeTarget section */

/* Begin PBXProject section */
		85E5942B2459315E0016C035 /* Project object */ = {
			isa = PBXProject;
			attributes = {
				LastSwiftUpdateCheck = 1100;
				LastUpgradeCheck = 1100;
				ORGANIZATIONNAME = "Royce Reynolds";
				TargetAttributes = {
					85E594322459315E0016C035 = {
						CreatedOnToolsVersion = 11.0;
					};
					85E5944B245931610016C035 = {
						CreatedOnToolsVersion = 11.0;
						TestTargetID = 85E594322459315E0016C035;
					};
					85E59456245931610016C035 = {
						CreatedOnToolsVersion = 11.0;
						TestTargetID = 85E594322459315E0016C035;
					};
				};
			};
			buildConfigurationList = 85E5942E2459315E0016C035 /* Build configuration list for PBXProject "CurrencyConverter" */;
			compatibilityVersion = "Xcode 9.3";
			developmentRegion = en;
			hasScannedForEncodings = 0;
			knownRegions = (
				en,
				Base,
			);
			mainGroup = 85E5942A2459315E0016C035;
			productRefGroup = 85E594342459315E0016C035 /* Products */;
			projectDirPath = "";
			projectRoot = "";
			targets = (
				85E594322459315E0016C035 /* CurrencyConverter */,
				85E5944B245931610016C035 /* CurrencyConverterTests */,
				85E59456245931610016C035 /* CurrencyConverterUITests */,
			);
		};
/* End PBXProject section */

/* Begin PBXResourcesBuildPhase section */
		85E594312459315E0016C035 /* Resources */ = {
			isa = PBXResourcesBuildPhase;
			buildActionMask = 2147483647;
			files = (
				85E59446245931610016C035 /* LaunchScreen.storyboard in Resources */,
				85B5D06B2476085E00776B56 /* Images.xcassets in Resources */,
				85E5943E2459315E0016C035 /* Main.storyboard in Resources */,
			);
			runOnlyForDeploymentPostprocessing = 0;
		};
		85E5944A245931610016C035 /* Resources */ = {
			isa = PBXResourcesBuildPhase;
			buildActionMask = 2147483647;
			files = (
			);
			runOnlyForDeploymentPostprocessing = 0;
		};
		85E59455245931610016C035 /* Resources */ = {
			isa = PBXResourcesBuildPhase;
			buildActionMask = 2147483647;
			files = (
			);
			runOnlyForDeploymentPostprocessing = 0;
		};
/* End PBXResourcesBuildPhase section */

/* Begin PBXSourcesBuildPhase section */
		85E5942F2459315E0016C035 /* Sources */ = {
			isa = PBXSourcesBuildPhase;
			buildActionMask = 2147483647;
			files = (
				85B5D07124760C0A00776B56 /* CurrencyCell.swift in Sources */,
				85517DAD24851ACE00F8859D /* CurrencyDelegate.swift in Sources */,
				85E5943B2459315E0016C035 /* MainViewController.swift in Sources */,
				85B5D06224720BF300776B56 /* NetworkClient.swift in Sources */,
				85B5D064247300A600776B56 /* NetworkConvenience.swift in Sources */,
				85B5D06F24760A1700776B56 /* PickCurrencyViewController.swift in Sources */,
				85E594412459315E0016C035 /* CurrencyConverter.xcdatamodeld in Sources */,
				85B5D0682473399000776B56 /* Country.swift in Sources */,
				85E594372459315E0016C035 /* AppDelegate.swift in Sources */,
				85B5D066247331A700776B56 /* Currency.swift in Sources */,
				85517DB92495CA7F00F8859D /* NetworkError.swift in Sources */,
				85990E1C249A667500F15BD7 /* FormattedLabel.swift in Sources */,
				85E0AF98249C461B00425B53 /* DuplicateCountry.swift in Sources */,
				85E594392459315E0016C035 /* SceneDelegate.swift in Sources */,
				85517DB724931D2B00F8859D /* flagImage.swift in Sources */,
			);
			runOnlyForDeploymentPostprocessing = 0;
		};
		85E59448245931610016C035 /* Sources */ = {
			isa = PBXSourcesBuildPhase;
			buildActionMask = 2147483647;
			files = (
				85E59451245931610016C035 /* CurrencyConverterTests.swift in Sources */,
			);
			runOnlyForDeploymentPostprocessing = 0;
		};
		85E59453245931610016C035 /* Sources */ = {
			isa = PBXSourcesBuildPhase;
			buildActionMask = 2147483647;
			files = (
				85E5945C245931610016C035 /* CurrencyConverterUITests.swift in Sources */,
			);
			runOnlyForDeploymentPostprocessing = 0;
		};
/* End PBXSourcesBuildPhase section */

/* Begin PBXTargetDependency section */
		85E5944E245931610016C035 /* PBXTargetDependency */ = {
			isa = PBXTargetDependency;
			target = 85E594322459315E0016C035 /* CurrencyConverter */;
			targetProxy = 85E5944D245931610016C035 /* PBXContainerItemProxy */;
		};
		85E59459245931610016C035 /* PBXTargetDependency */ = {
			isa = PBXTargetDependency;
			target = 85E594322459315E0016C035 /* CurrencyConverter */;
			targetProxy = 85E59458245931610016C035 /* PBXContainerItemProxy */;
		};
/* End PBXTargetDependency section */

/* Begin PBXVariantGroup section */
		85E5943C2459315E0016C035 /* Main.storyboard */ = {
			isa = PBXVariantGroup;
			children = (
				85E5943D2459315E0016C035 /* Base */,
			);
			name = Main.storyboard;
			sourceTree = "<group>";
		};
		85E59444245931610016C035 /* LaunchScreen.storyboard */ = {
			isa = PBXVariantGroup;
			children = (
				85E59445245931610016C035 /* Base */,
			);
			name = LaunchScreen.storyboard;
			sourceTree = "<group>";
		};
/* End PBXVariantGroup section */

/* Begin XCBuildConfiguration section */
		85E5945E245931610016C035 /* Debug */ = {
			isa = XCBuildConfiguration;
			buildSettings = {
				ALWAYS_SEARCH_USER_PATHS = NO;
				CLANG_ANALYZER_NONNULL = YES;
				CLANG_ANALYZER_NUMBER_OBJECT_CONVERSION = YES_AGGRESSIVE;
				CLANG_CXX_LANGUAGE_STANDARD = "gnu++14";
				CLANG_CXX_LIBRARY = "libc++";
				CLANG_ENABLE_MODULES = YES;
				CLANG_ENABLE_OBJC_ARC = YES;
				CLANG_ENABLE_OBJC_WEAK = YES;
				CLANG_WARN_BLOCK_CAPTURE_AUTORELEASING = YES;
				CLANG_WARN_BOOL_CONVERSION = YES;
				CLANG_WARN_COMMA = YES;
				CLANG_WARN_CONSTANT_CONVERSION = YES;
				CLANG_WARN_DEPRECATED_OBJC_IMPLEMENTATIONS = YES;
				CLANG_WARN_DIRECT_OBJC_ISA_USAGE = YES_ERROR;
				CLANG_WARN_DOCUMENTATION_COMMENTS = YES;
				CLANG_WARN_EMPTY_BODY = YES;
				CLANG_WARN_ENUM_CONVERSION = YES;
				CLANG_WARN_INFINITE_RECURSION = YES;
				CLANG_WARN_INT_CONVERSION = YES;
				CLANG_WARN_NON_LITERAL_NULL_CONVERSION = YES;
				CLANG_WARN_OBJC_IMPLICIT_RETAIN_SELF = YES;
				CLANG_WARN_OBJC_LITERAL_CONVERSION = YES;
				CLANG_WARN_OBJC_ROOT_CLASS = YES_ERROR;
				CLANG_WARN_RANGE_LOOP_ANALYSIS = YES;
				CLANG_WARN_STRICT_PROTOTYPES = YES;
				CLANG_WARN_SUSPICIOUS_MOVE = YES;
				CLANG_WARN_UNGUARDED_AVAILABILITY = YES_AGGRESSIVE;
				CLANG_WARN_UNREACHABLE_CODE = YES;
				CLANG_WARN__DUPLICATE_METHOD_MATCH = YES;
				COPY_PHASE_STRIP = NO;
				DEBUG_INFORMATION_FORMAT = dwarf;
				ENABLE_STRICT_OBJC_MSGSEND = YES;
				ENABLE_TESTABILITY = YES;
				GCC_C_LANGUAGE_STANDARD = gnu11;
				GCC_DYNAMIC_NO_PIC = NO;
				GCC_NO_COMMON_BLOCKS = YES;
				GCC_OPTIMIZATION_LEVEL = 0;
				GCC_PREPROCESSOR_DEFINITIONS = (
					"DEBUG=1",
					"$(inherited)",
				);
				GCC_WARN_64_TO_32_BIT_CONVERSION = YES;
				GCC_WARN_ABOUT_RETURN_TYPE = YES_ERROR;
				GCC_WARN_UNDECLARED_SELECTOR = YES;
				GCC_WARN_UNINITIALIZED_AUTOS = YES_AGGRESSIVE;
				GCC_WARN_UNUSED_FUNCTION = YES;
				GCC_WARN_UNUSED_VARIABLE = YES;
				IPHONEOS_DEPLOYMENT_TARGET = 13.0;
				MTL_ENABLE_DEBUG_INFO = INCLUDE_SOURCE;
				MTL_FAST_MATH = YES;
				ONLY_ACTIVE_ARCH = YES;
				SDKROOT = iphoneos;
				SWIFT_ACTIVE_COMPILATION_CONDITIONS = DEBUG;
				SWIFT_OPTIMIZATION_LEVEL = "-Onone";
			};
			name = Debug;
		};
		85E5945F245931610016C035 /* Release */ = {
			isa = XCBuildConfiguration;
			buildSettings = {
				ALWAYS_SEARCH_USER_PATHS = NO;
				CLANG_ANALYZER_NONNULL = YES;
				CLANG_ANALYZER_NUMBER_OBJECT_CONVERSION = YES_AGGRESSIVE;
				CLANG_CXX_LANGUAGE_STANDARD = "gnu++14";
				CLANG_CXX_LIBRARY = "libc++";
				CLANG_ENABLE_MODULES = YES;
				CLANG_ENABLE_OBJC_ARC = YES;
				CLANG_ENABLE_OBJC_WEAK = YES;
				CLANG_WARN_BLOCK_CAPTURE_AUTORELEASING = YES;
				CLANG_WARN_BOOL_CONVERSION = YES;
				CLANG_WARN_COMMA = YES;
				CLANG_WARN_CONSTANT_CONVERSION = YES;
				CLANG_WARN_DEPRECATED_OBJC_IMPLEMENTATIONS = YES;
				CLANG_WARN_DIRECT_OBJC_ISA_USAGE = YES_ERROR;
				CLANG_WARN_DOCUMENTATION_COMMENTS = YES;
				CLANG_WARN_EMPTY_BODY = YES;
				CLANG_WARN_ENUM_CONVERSION = YES;
				CLANG_WARN_INFINITE_RECURSION = YES;
				CLANG_WARN_INT_CONVERSION = YES;
				CLANG_WARN_NON_LITERAL_NULL_CONVERSION = YES;
				CLANG_WARN_OBJC_IMPLICIT_RETAIN_SELF = YES;
				CLANG_WARN_OBJC_LITERAL_CONVERSION = YES;
				CLANG_WARN_OBJC_ROOT_CLASS = YES_ERROR;
				CLANG_WARN_RANGE_LOOP_ANALYSIS = YES;
				CLANG_WARN_STRICT_PROTOTYPES = YES;
				CLANG_WARN_SUSPICIOUS_MOVE = YES;
				CLANG_WARN_UNGUARDED_AVAILABILITY = YES_AGGRESSIVE;
				CLANG_WARN_UNREACHABLE_CODE = YES;
				CLANG_WARN__DUPLICATE_METHOD_MATCH = YES;
				COPY_PHASE_STRIP = NO;
				DEBUG_INFORMATION_FORMAT = "dwarf-with-dsym";
				ENABLE_NS_ASSERTIONS = NO;
				ENABLE_STRICT_OBJC_MSGSEND = YES;
				GCC_C_LANGUAGE_STANDARD = gnu11;
				GCC_NO_COMMON_BLOCKS = YES;
				GCC_WARN_64_TO_32_BIT_CONVERSION = YES;
				GCC_WARN_ABOUT_RETURN_TYPE = YES_ERROR;
				GCC_WARN_UNDECLARED_SELECTOR = YES;
				GCC_WARN_UNINITIALIZED_AUTOS = YES_AGGRESSIVE;
				GCC_WARN_UNUSED_FUNCTION = YES;
				GCC_WARN_UNUSED_VARIABLE = YES;
				IPHONEOS_DEPLOYMENT_TARGET = 13.0;
				MTL_ENABLE_DEBUG_INFO = NO;
				MTL_FAST_MATH = YES;
				SDKROOT = iphoneos;
				SWIFT_COMPILATION_MODE = wholemodule;
				SWIFT_OPTIMIZATION_LEVEL = "-O";
				VALIDATE_PRODUCT = YES;
			};
			name = Release;
		};
		85E59461245931610016C035 /* Debug */ = {
			isa = XCBuildConfiguration;
			buildSettings = {
				ASSETCATALOG_COMPILER_APPICON_NAME = AppIcon;
				CODE_SIGN_STYLE = Automatic;
				DEVELOPMENT_TEAM = PVTJS4KTM9;
				INFOPLIST_FILE = CurrencyConverter/Info.plist;
				LD_RUNPATH_SEARCH_PATHS = (
					"$(inherited)",
					"@executable_path/Frameworks",
				);
				PRODUCT_BUNDLE_IDENTIFIER = com.roycereynolds.CurrencyConverter;
				PRODUCT_NAME = "$(TARGET_NAME)";
				SWIFT_VERSION = 5.0;
				TARGETED_DEVICE_FAMILY = 1;
			};
			name = Debug;
		};
		85E59462245931610016C035 /* Release */ = {
			isa = XCBuildConfiguration;
			buildSettings = {
				ASSETCATALOG_COMPILER_APPICON_NAME = AppIcon;
				CODE_SIGN_STYLE = Automatic;
				DEVELOPMENT_TEAM = PVTJS4KTM9;
				INFOPLIST_FILE = CurrencyConverter/Info.plist;
				LD_RUNPATH_SEARCH_PATHS = (
					"$(inherited)",
					"@executable_path/Frameworks",
				);
				PRODUCT_BUNDLE_IDENTIFIER = com.roycereynolds.CurrencyConverter;
				PRODUCT_NAME = "$(TARGET_NAME)";
				SWIFT_VERSION = 5.0;
				TARGETED_DEVICE_FAMILY = 1;
			};
			name = Release;
		};
		85E59464245931610016C035 /* Debug */ = {
			isa = XCBuildConfiguration;
			buildSettings = {
				ALWAYS_EMBED_SWIFT_STANDARD_LIBRARIES = YES;
				BUNDLE_LOADER = "$(TEST_HOST)";
				CODE_SIGN_STYLE = Automatic;
				DEVELOPMENT_TEAM = PVTJS4KTM9;
				INFOPLIST_FILE = CurrencyConverterTests/Info.plist;
				IPHONEOS_DEPLOYMENT_TARGET = 13.0;
				LD_RUNPATH_SEARCH_PATHS = (
					"$(inherited)",
					"@executable_path/Frameworks",
					"@loader_path/Frameworks",
				);
				PRODUCT_BUNDLE_IDENTIFIER = com.roycereynolds.CurrencyConverterTests;
				PRODUCT_NAME = "$(TARGET_NAME)";
				SWIFT_VERSION = 5.0;
				TARGETED_DEVICE_FAMILY = "1,2";
				TEST_HOST = "$(BUILT_PRODUCTS_DIR)/CurrencyConverter.app/CurrencyConverter";
			};
			name = Debug;
		};
		85E59465245931610016C035 /* Release */ = {
			isa = XCBuildConfiguration;
			buildSettings = {
				ALWAYS_EMBED_SWIFT_STANDARD_LIBRARIES = YES;
				BUNDLE_LOADER = "$(TEST_HOST)";
				CODE_SIGN_STYLE = Automatic;
				DEVELOPMENT_TEAM = PVTJS4KTM9;
				INFOPLIST_FILE = CurrencyConverterTests/Info.plist;
				IPHONEOS_DEPLOYMENT_TARGET = 13.0;
				LD_RUNPATH_SEARCH_PATHS = (
					"$(inherited)",
					"@executable_path/Frameworks",
					"@loader_path/Frameworks",
				);
				PRODUCT_BUNDLE_IDENTIFIER = com.roycereynolds.CurrencyConverterTests;
				PRODUCT_NAME = "$(TARGET_NAME)";
				SWIFT_VERSION = 5.0;
				TARGETED_DEVICE_FAMILY = "1,2";
				TEST_HOST = "$(BUILT_PRODUCTS_DIR)/CurrencyConverter.app/CurrencyConverter";
			};
			name = Release;
		};
		85E59467245931610016C035 /* Debug */ = {
			isa = XCBuildConfiguration;
			buildSettings = {
				ALWAYS_EMBED_SWIFT_STANDARD_LIBRARIES = YES;
				CODE_SIGN_STYLE = Automatic;
				DEVELOPMENT_TEAM = PVTJS4KTM9;
				INFOPLIST_FILE = CurrencyConverterUITests/Info.plist;
				LD_RUNPATH_SEARCH_PATHS = (
					"$(inherited)",
					"@executable_path/Frameworks",
					"@loader_path/Frameworks",
				);
				PRODUCT_BUNDLE_IDENTIFIER = com.roycereynolds.CurrencyConverterUITests;
				PRODUCT_NAME = "$(TARGET_NAME)";
				SWIFT_VERSION = 5.0;
				TARGETED_DEVICE_FAMILY = "1,2";
				TEST_TARGET_NAME = CurrencyConverter;
			};
			name = Debug;
		};
		85E59468245931610016C035 /* Release */ = {
			isa = XCBuildConfiguration;
			buildSettings = {
				ALWAYS_EMBED_SWIFT_STANDARD_LIBRARIES = YES;
				CODE_SIGN_STYLE = Automatic;
				DEVELOPMENT_TEAM = PVTJS4KTM9;
				INFOPLIST_FILE = CurrencyConverterUITests/Info.plist;
				LD_RUNPATH_SEARCH_PATHS = (
					"$(inherited)",
					"@executable_path/Frameworks",
					"@loader_path/Frameworks",
				);
				PRODUCT_BUNDLE_IDENTIFIER = com.roycereynolds.CurrencyConverterUITests;
				PRODUCT_NAME = "$(TARGET_NAME)";
				SWIFT_VERSION = 5.0;
				TARGETED_DEVICE_FAMILY = "1,2";
				TEST_TARGET_NAME = CurrencyConverter;
			};
			name = Release;
		};
/* End XCBuildConfiguration section */

/* Begin XCConfigurationList section */
		85E5942E2459315E0016C035 /* Build configuration list for PBXProject "CurrencyConverter" */ = {
			isa = XCConfigurationList;
			buildConfigurations = (
				85E5945E245931610016C035 /* Debug */,
				85E5945F245931610016C035 /* Release */,
			);
			defaultConfigurationIsVisible = 0;
			defaultConfigurationName = Release;
		};
		85E59460245931610016C035 /* Build configuration list for PBXNativeTarget "CurrencyConverter" */ = {
			isa = XCConfigurationList;
			buildConfigurations = (
				85E59461245931610016C035 /* Debug */,
				85E59462245931610016C035 /* Release */,
			);
			defaultConfigurationIsVisible = 0;
			defaultConfigurationName = Release;
		};
		85E59463245931610016C035 /* Build configuration list for PBXNativeTarget "CurrencyConverterTests" */ = {
			isa = XCConfigurationList;
			buildConfigurations = (
				85E59464245931610016C035 /* Debug */,
				85E59465245931610016C035 /* Release */,
			);
			defaultConfigurationIsVisible = 0;
			defaultConfigurationName = Release;
		};
		85E59466245931610016C035 /* Build configuration list for PBXNativeTarget "CurrencyConverterUITests" */ = {
			isa = XCConfigurationList;
			buildConfigurations = (
				85E59467245931610016C035 /* Debug */,
				85E59468245931610016C035 /* Release */,
			);
			defaultConfigurationIsVisible = 0;
			defaultConfigurationName = Release;
		};
/* End XCConfigurationList section */

/* Begin XCVersionGroup section */
		85E5943F2459315E0016C035 /* CurrencyConverter.xcdatamodeld */ = {
			isa = XCVersionGroup;
			children = (
				85E594402459315E0016C035 /* CurrencyConverter.xcdatamodel */,
			);
			currentVersion = 85E594402459315E0016C035 /* CurrencyConverter.xcdatamodel */;
			path = CurrencyConverter.xcdatamodeld;
			sourceTree = "<group>";
			versionGroupType = wrapper.xcdatamodel;
		};
/* End XCVersionGroup section */
	};
	rootObject = 85E5942B2459315E0016C035 /* Project object */;
}
